
Microsoft Visual Studio Solution File, Format Version 12.00
# Visual Studio Version 17
VisualStudioVersion = 17.0.31903.59
MinimumVisualStudioVersion = 10.0.40219.1
EndProject
Project("{FAE04EC0-301F-11D3-BF4B-00C04F79EFBC}") = "FactoryPattern.App", "FactoryPattern.App\FactoryPattern.App.csproj", "{FF484E9E-2A19-4B27-AA0D-3B4311CC7579}"
EndProject
Global
	GlobalSection(SolutionConfigurationPlatforms) = preSolution
		Debug|Any CPU = Debug|Any CPU
		Release|Any CPU = Release|Any CPU
	EndGlobalSection
	GlobalSection(SolutionProperties) = preSolution
		HideSolutionNode = FALSE
	EndGlobalSection
	GlobalSection(ProjectConfigurationPlatforms) = postSolution
		{E7CD5986-B2BB-4061-AE08-FCC4E3E5421E}.Debug|Any CPU.ActiveCfg = Debug|Any CPU
		{E7CD5986-B2BB-4061-AE08-FCC4E3E5421E}.Debug|Any CPU.Build.0 = Debug|Any CPU
		{E7CD5986-B2BB-4061-AE08-FCC4E3E5421E}.Release|Any CPU.ActiveCfg = Release|Any CPU
		{E7CD5986-B2BB-4061-AE08-FCC4E3E5421E}.Release|Any CPU.Build.0 = Release|Any CPU
		{FF484E9E-2A19-4B27-AA0D-3B4311CC7579}.Debug|Any CPU.ActiveCfg = Debug|Any CPU
		{FF484E9E-2A19-4B27-AA0D-3B4311CC7579}.Debug|Any CPU.Build.0 = Debug|Any CPU
		{FF484E9E-2A19-4B27-AA0D-3B4311CC7579}.Release|Any CPU.ActiveCfg = Release|Any CPU
		{FF484E9E-2A19-4B27-AA0D-3B4311CC7579}.Release|Any CPU.Build.0 = Release|Any CPU
	EndGlobalSection
EndGlobal
